<?xml version="1.0" encoding="UTF-8" standalone="yes" ?>
<CodeBlocks_project_file>
	<FileVersion major="1" minor="6" />
	<Project>
		<Option title="FactoryWeb" />
		<Option pch_mode="2" />
		<Option compiler="gcc" />
		<Build>
			<Target title="Debug">
				<Option output="bin/Debug/FactoryWeb" prefix_auto="1" extension_auto="1" />
				<Option object_output="obj/Debug/" />
				<Option type="1" />
				<Option compiler="gcc" />
				<Compiler>
					<Add option="-g" />
				</Compiler>
			</Target>
			<Target title="Release">
				<Option output="bin/Release/FactoryWeb" prefix_auto="1" extension_auto="1" />
				<Option object_output="obj/Release/" />
				<Option type="1" />
				<Option compiler="gcc" />
				<Compiler>
					<Add option="-O2" />
				</Compiler>
				<Linker>
					<Add option="-s" />
				</Linker>
			</Target>
		</Build>
		<Compiler>
			<Add option="-Wall" />
		</Compiler>
		<Unit filename="factory.cpp" />
		<Unit filename="factory.h" />
		<Unit filename="factory.hpp" />
		<Unit filename="intervalreportnotifier.cpp" />
		<Unit filename="intervalreportnotifier.hpp" />
		<Unit filename="ipackagedepot.hpp" />
		<Unit filename="ipackagequeue.hpp" />
		<Unit filename="ipackagereciever.hpp" />
		<Unit filename="ireportnotifier.hpp" />
		<Unit filename="package.cpp" />
		<Unit filename="package.hpp" />
		<Unit filename="packagedequeue.cpp" />
		<Unit filename="packagedequeue.hpp" />
		<Unit filename="packagequeuefifo.cpp" />
		<Unit filename="packagequeuefifo.hpp" />
		<Unit filename="packagequeuelifo.hpp" />
		<Unit filename="packagesender.hpp" />
		<Unit filename="ramp.hpp" />
		<Unit filename="recieverpreferences.hpp" />
		<Unit filename="specificturnsreportnotifier.c">
			<Option compilerVar="CC" />
		</Unit>
		<Unit filename="specificturnsreportnotifier.cpp" />
		<Unit filename="specificturnsreportnotifier.hpp" />
		<Unit filename="storehouse.hpp" />
		<Unit filename="worker.hpp" />
		<Extensions>
			<code_completion />
			<envvars />
			<debugger />
		</Extensions>
	</Project>
</CodeBlocks_project_file>
